
Microsoft Visual Studio Solution File, Format Version 12.00
# Visual Studio Version 16
VisualStudioVersion = 16.0.30615.102
MinimumVisualStudioVersion = 10.0.40219.1
Project("{9A19103F-16F7-4668-BE54-9A1E7A4F7556}") = "HelloCSharp", "HelloCSharp\HelloCSharp.csproj", "{6004DF70-0A2A-434B-B9D3-49CCCA1DB1C3}"
EndProject
Project("{2150E333-8FDC-42A3-9474-1A3956D46DE8}") = "Solution Items", "Solution Items", "{6683BCD0-7BAB-4CB0-AF8F-3CBFE349D5C7}"
	ProjectSection(SolutionItems) = preProject
		Chapter01_BasicTerms.md = Chapter01_BasicTerms.md
		Chapter02_TypeSystem.md = Chapter02_TypeSystem.md
		Chapter03_Operators.md = Chapter03_Operators.md
		Chapter04_ProgramStuctures.md = Chapter04_ProgramStuctures.md
		Chapter05_Arrays.md = Chapter05_Arrays.md
		Chapter06_Methods.md = Chapter06_Methods.md
		Chapter07_Pointers.md = Chapter07_Pointers.md
		Chapter08_Preprocessors.md = Chapter08_Preprocessors.md
		Chapter09_ObjectOriented.md = Chapter09_ObjectOriented.md
		Chapter10_Inheritance.md = Chapter10_Inheritance.md
		Chapter11_Interfaces.md = Chapter11_Interfaces.md
		Chapter12_Structures.md = Chapter12_Structures.md
		Chapter13_Enumerations.md = Chapter13_Enumerations.md
		Chapter14_Delegates.md = Chapter14_Delegates.md
		Chapter15_Events.md = Chapter15_Events.md
		Chapter16_Iterators.md = Chapter16_Iterators.md
		Chapter17_Reflection.md = Chapter17_Reflection.md
		Chapter18_Threading.md = Chapter18_Threading.md
		Chapter19_2.md = Chapter19_2.md
		Chapter19_3.md = Chapter19_3.md
		Chapter19_4.md = Chapter19_4.md
		Chapter19_5.md = Chapter19_5.md
		Chapter19_6.md = Chapter19_6.md
		Chapter19_7.md = Chapter19_7.md
		Chapter19_8.md = Chapter19_8.md
		Chapter19_9.md = Chapter19_9.md
		README.md = README.md
	EndProjectSection
EndProject
Global
	GlobalSection(SolutionConfigurationPlatforms) = preSolution
		Debug|Any CPU = Debug|Any CPU
		Release|Any CPU = Release|Any CPU
	EndGlobalSection
	GlobalSection(ProjectConfigurationPlatforms) = postSolution
		{6004DF70-0A2A-434B-B9D3-49CCCA1DB1C3}.Debug|Any CPU.ActiveCfg = Debug|Any CPU
		{6004DF70-0A2A-434B-B9D3-49CCCA1DB1C3}.Debug|Any CPU.Build.0 = Debug|Any CPU
		{6004DF70-0A2A-434B-B9D3-49CCCA1DB1C3}.Release|Any CPU.ActiveCfg = Release|Any CPU
		{6004DF70-0A2A-434B-B9D3-49CCCA1DB1C3}.Release|Any CPU.Build.0 = Release|Any CPU
	EndGlobalSection
	GlobalSection(SolutionProperties) = preSolution
		HideSolutionNode = FALSE
	EndGlobalSection
	GlobalSection(ExtensibilityGlobals) = postSolution
		SolutionGuid = {5A2F3B43-B6DA-4500-8835-D35ED9DF90E6}
	EndGlobalSection
EndGlobal
